
Microsoft Visual Studio Solution File, Format Version 12.00
# Visual Studio Version 17
VisualStudioVersion = 17.9.34902.65
MinimumVisualStudioVersion = 10.0.40219.1
Project("{9A19103F-16F7-4668-BE54-9A1E7A4F7556}") = "AceInternship.RestApi", "AceInternship.RestApi\AceInternship.RestApi.csproj", "{6C300DF9-8441-4385-892E-70552B6FC3EA}"
EndProject
Project("{2150E333-8FDC-42A3-9474-1A3956D46DE8}") = "Documents", "Documents", "{AA210954-2248-4AC5-908A-AA6F68851552}"
	ProjectSection(SolutionItems) = preProject
		README.md = README.md
	EndProjectSection
EndProject
Project("{9A19103F-16F7-4668-BE54-9A1E7A4F7556}") = "AceInternship.ConsoleApp", "AceInternship.ConsoleApp\AceInternship.ConsoleApp.csproj", "{1E6AC55A-37C3-4BFC-9500-D3D3B6399DD5}"
EndProject
Project("{9A19103F-16F7-4668-BE54-9A1E7A4F7556}") = "AceInternship.MiniKPay", "AceInternship.MiniKPay\AceInternship.MiniKPay.csproj", "{5A4635B8-E2F7-4562-98E4-D0473B081DF3}"
EndProject
Project("{9A19103F-16F7-4668-BE54-9A1E7A4F7556}") = "AceInternship.Shared", "AceInternship.Shared\AceInternship.Shared.csproj", "{CE219A4C-C1C4-4455-91E2-54C234369AFC}"
EndProject
Project("{9A19103F-16F7-4668-BE54-9A1E7A4F7556}") = "AceInternship.RestApiWithNLayer", "AceInternship.RestApiWithNLayer\AceInternship.RestApiWithNLayer.csproj", "{1B4FBF54-CD3C-451A-95B5-FB17C92E4B57}"
EndProject
Project("{9A19103F-16F7-4668-BE54-9A1E7A4F7556}") = "AceInternship.ConsoleAppHttpClient", "AceInternship.ConsoleAppHttpClient\AceInternship.ConsoleAppHttpClient.csproj", "{35204815-9BD1-491A-A718-F9EA659BA892}"
EndProject
Project("{9A19103F-16F7-4668-BE54-9A1E7A4F7556}") = "AceInternship.ConsoleAppHttpClientExample", "AceInternship.ConsoleAppHttpClientExample\AceInternship.ConsoleAppHttpClientExample.csproj", "{452026E7-0B09-456E-9D5F-05CDEC5AFFB2}"
EndProject
Project("{FAE04EC0-301F-11D3-BF4B-00C04F79EFBC}") = "AceInternship.PizzaApi", "AceInternship.PizzaApi\AceInternship.PizzaApi.csproj", "{1A63932A-BD2C-4379-AA82-997DFAA7C959}"
EndProject
Global
	GlobalSection(SolutionConfigurationPlatforms) = preSolution
		Debug|Any CPU = Debug|Any CPU
		Release|Any CPU = Release|Any CPU
	EndGlobalSection
	GlobalSection(ProjectConfigurationPlatforms) = postSolution
		{6C300DF9-8441-4385-892E-70552B6FC3EA}.Debug|Any CPU.ActiveCfg = Debug|Any CPU
		{6C300DF9-8441-4385-892E-70552B6FC3EA}.Debug|Any CPU.Build.0 = Debug|Any CPU
		{6C300DF9-8441-4385-892E-70552B6FC3EA}.Release|Any CPU.ActiveCfg = Release|Any CPU
		{6C300DF9-8441-4385-892E-70552B6FC3EA}.Release|Any CPU.Build.0 = Release|Any CPU
		{1E6AC55A-37C3-4BFC-9500-D3D3B6399DD5}.Debug|Any CPU.ActiveCfg = Debug|Any CPU
		{1E6AC55A-37C3-4BFC-9500-D3D3B6399DD5}.Debug|Any CPU.Build.0 = Debug|Any CPU
		{1E6AC55A-37C3-4BFC-9500-D3D3B6399DD5}.Release|Any CPU.ActiveCfg = Release|Any CPU
		{1E6AC55A-37C3-4BFC-9500-D3D3B6399DD5}.Release|Any CPU.Build.0 = Release|Any CPU
		{5A4635B8-E2F7-4562-98E4-D0473B081DF3}.Debug|Any CPU.ActiveCfg = Debug|Any CPU
		{5A4635B8-E2F7-4562-98E4-D0473B081DF3}.Debug|Any CPU.Build.0 = Debug|Any CPU
		{5A4635B8-E2F7-4562-98E4-D0473B081DF3}.Release|Any CPU.ActiveCfg = Release|Any CPU
		{5A4635B8-E2F7-4562-98E4-D0473B081DF3}.Release|Any CPU.Build.0 = Release|Any CPU
		{CE219A4C-C1C4-4455-91E2-54C234369AFC}.Debug|Any CPU.ActiveCfg = Debug|Any CPU
		{CE219A4C-C1C4-4455-91E2-54C234369AFC}.Debug|Any CPU.Build.0 = Debug|Any CPU
		{CE219A4C-C1C4-4455-91E2-54C234369AFC}.Release|Any CPU.ActiveCfg = Release|Any CPU
		{CE219A4C-C1C4-4455-91E2-54C234369AFC}.Release|Any CPU.Build.0 = Release|Any CPU
		{1B4FBF54-CD3C-451A-95B5-FB17C92E4B57}.Debug|Any CPU.ActiveCfg = Debug|Any CPU
		{1B4FBF54-CD3C-451A-95B5-FB17C92E4B57}.Debug|Any CPU.Build.0 = Debug|Any CPU
		{1B4FBF54-CD3C-451A-95B5-FB17C92E4B57}.Release|Any CPU.ActiveCfg = Release|Any CPU
		{1B4FBF54-CD3C-451A-95B5-FB17C92E4B57}.Release|Any CPU.Build.0 = Release|Any CPU
		{35204815-9BD1-491A-A718-F9EA659BA892}.Debug|Any CPU.ActiveCfg = Debug|Any CPU
		{35204815-9BD1-491A-A718-F9EA659BA892}.Debug|Any CPU.Build.0 = Debug|Any CPU
		{35204815-9BD1-491A-A718-F9EA659BA892}.Release|Any CPU.ActiveCfg = Release|Any CPU
		{35204815-9BD1-491A-A718-F9EA659BA892}.Release|Any CPU.Build.0 = Release|Any CPU
		{452026E7-0B09-456E-9D5F-05CDEC5AFFB2}.Debug|Any CPU.ActiveCfg = Debug|Any CPU
		{452026E7-0B09-456E-9D5F-05CDEC5AFFB2}.Debug|Any CPU.Build.0 = Debug|Any CPU
		{452026E7-0B09-456E-9D5F-05CDEC5AFFB2}.Release|Any CPU.ActiveCfg = Release|Any CPU
		{452026E7-0B09-456E-9D5F-05CDEC5AFFB2}.Release|Any CPU.Build.0 = Release|Any CPU
		{1A63932A-BD2C-4379-AA82-997DFAA7C959}.Debug|Any CPU.ActiveCfg = Debug|Any CPU
		{1A63932A-BD2C-4379-AA82-997DFAA7C959}.Debug|Any CPU.Build.0 = Debug|Any CPU
		{1A63932A-BD2C-4379-AA82-997DFAA7C959}.Release|Any CPU.ActiveCfg = Release|Any CPU
		{1A63932A-BD2C-4379-AA82-997DFAA7C959}.Release|Any CPU.Build.0 = Release|Any CPU
	EndGlobalSection
	GlobalSection(SolutionProperties) = preSolution
		HideSolutionNode = FALSE
	EndGlobalSection
	GlobalSection(ExtensibilityGlobals) = postSolution
		SolutionGuid = {F09E3831-691A-40EB-8F19-D2A5B5A27B82}
	EndGlobalSection
EndGlobal
